
Microsoft Visual Studio Solution File, Format Version 12.00
# Visual Studio Version 16
VisualStudioVersion = 16.0.30621.155
MinimumVisualStudioVersion = 10.0.40219.1
Project("{FAE04EC0-301F-11D3-BF4B-00C04F79EFBC}") = "Login1.1", "Login1.1\Login1.1.csproj", "{87A37004-143B-4B4B-90E0-6C171A4025E5}"
EndProject
Global
	GlobalSection(SolutionConfigurationPlatforms) = preSolution
		Debug|Any CPU = Debug|Any CPU
		Release|Any CPU = Release|Any CPU
	EndGlobalSection
	GlobalSection(ProjectConfigurationPlatforms) = postSolution
		{87A37004-143B-4B4B-90E0-6C171A4025E5}.Debug|Any CPU.ActiveCfg = Debug|Any CPU
		{87A37004-143B-4B4B-90E0-6C171A4025E5}.Debug|Any CPU.Build.0 = Debug|Any CPU
		{87A37004-143B-4B4B-90E0-6C171A4025E5}.Release|Any CPU.ActiveCfg = Release|Any CPU
		{87A37004-143B-4B4B-90E0-6C171A4025E5}.Release|Any CPU.Build.0 = Release|Any CPU
	EndGlobalSection
	GlobalSection(SolutionProperties) = preSolution
		HideSolutionNode = FALSE
	EndGlobalSection
	GlobalSection(ExtensibilityGlobals) = postSolution
		SolutionGuid = {7541FB37-DEF1-46B9-A96B-6D28EB852C8F}
	EndGlobalSection
EndGlobal
